
Microsoft Visual Studio Solution File, Format Version 12.00
# Visual Studio Version 17
VisualStudioVersion = 17.14.36414.22 d17.14
MinimumVisualStudioVersion = 10.0.40219.1
Project("{FAE04EC0-301F-11D3-BF4B-00C04F79EFBC}") = "chat-app-backend", "chat-app-backend\chat-app-backend.csproj", "{0CEF99C3-22C0-44EA-A278-817E5A69CE23}"
EndProject
Global
	GlobalSection(SolutionConfigurationPlatforms) = preSolution
		Debug|Any CPU = Debug|Any CPU
		Release|Any CPU = Release|Any CPU
	EndGlobalSection
	GlobalSection(ProjectConfigurationPlatforms) = postSolution
		{0CEF99C3-22C0-44EA-A278-817E5A69CE23}.Debug|Any CPU.ActiveCfg = Debug|Any CPU
		{0CEF99C3-22C0-44EA-A278-817E5A69CE23}.Debug|Any CPU.Build.0 = Debug|Any CPU
		{0CEF99C3-22C0-44EA-A278-817E5A69CE23}.Release|Any CPU.ActiveCfg = Release|Any CPU
		{0CEF99C3-22C0-44EA-A278-817E5A69CE23}.Release|Any CPU.Build.0 = Release|Any CPU
	EndGlobalSection
	GlobalSection(SolutionProperties) = preSolution
		HideSolutionNode = FALSE
	EndGlobalSection
	GlobalSection(ExtensibilityGlobals) = postSolution
		SolutionGuid = {D5A1B037-56C2-4F51-886E-D097CEE0BCA0}
	EndGlobalSection
EndGlobal
